
Microsoft Visual Studio Solution File, Format Version 12.00
Project("{FAE04EC0-301F-11D3-BF4B-00C04F79EFBC}") = "FarmTests", "FarmTests\FarmTests.csproj", "{7464EB38-A42F-4E43-9489-1B6032C0A364}"
EndProject
Global
	GlobalSection(SolutionConfigurationPlatforms) = preSolution
		Debug|Any CPU = Debug|Any CPU
		Release|Any CPU = Release|Any CPU
	EndGlobalSection
	GlobalSection(ProjectConfigurationPlatforms) = postSolution
		{7464EB38-A42F-4E43-9489-1B6032C0A364}.Debug|Any CPU.ActiveCfg = Debug|Any CPU
		{7464EB38-A42F-4E43-9489-1B6032C0A364}.Debug|Any CPU.Build.0 = Debug|Any CPU
		{7464EB38-A42F-4E43-9489-1B6032C0A364}.Release|Any CPU.ActiveCfg = Release|Any CPU
		{7464EB38-A42F-4E43-9489-1B6032C0A364}.Release|Any CPU.Build.0 = Release|Any CPU
	EndGlobalSection
EndGlobal
