
Microsoft Visual Studio Solution File, Format Version 12.00
Project("{FAE04EC0-301F-11D3-BF4B-00C04F79EFBC}") = "AirportSystem", "AirportSystem.csproj", "{0546F272-AB40-4574-B04D-A09C280E6CCA}"
EndProject
Project("{FAE04EC0-301F-11D3-BF4B-00C04F79EFBC}") = "AirportSystemTests", "..\AirportSystemTests\AirportSystemTests.csproj", "{A479A701-522C-4A4E-A909-399C994279D2}"
EndProject
Global
	GlobalSection(SolutionConfigurationPlatforms) = preSolution
		Debug|Any CPU = Debug|Any CPU
		Release|Any CPU = Release|Any CPU
	EndGlobalSection
	GlobalSection(ProjectConfigurationPlatforms) = postSolution
		{0546F272-AB40-4574-B04D-A09C280E6CCA}.Debug|Any CPU.ActiveCfg = Debug|Any CPU
		{0546F272-AB40-4574-B04D-A09C280E6CCA}.Debug|Any CPU.Build.0 = Debug|Any CPU
		{0546F272-AB40-4574-B04D-A09C280E6CCA}.Release|Any CPU.ActiveCfg = Release|Any CPU
		{0546F272-AB40-4574-B04D-A09C280E6CCA}.Release|Any CPU.Build.0 = Release|Any CPU
		{A479A701-522C-4A4E-A909-399C994279D2}.Debug|Any CPU.ActiveCfg = Debug|Any CPU
		{A479A701-522C-4A4E-A909-399C994279D2}.Debug|Any CPU.Build.0 = Debug|Any CPU
		{A479A701-522C-4A4E-A909-399C994279D2}.Release|Any CPU.ActiveCfg = Release|Any CPU
		{A479A701-522C-4A4E-A909-399C994279D2}.Release|Any CPU.Build.0 = Release|Any CPU
	EndGlobalSection
EndGlobal
