
Microsoft Visual Studio Solution File, Format Version 12.00
Project("{FAE04EC0-301F-11D3-BF4B-00C04F79EFBC}") = "SetAndMatrix", "SetAndMatrix\SetAndMatrix.csproj", "{E2057F30-C053-4DA8-A680-AC4058A29F52}"
EndProject
Project("{FAE04EC0-301F-11D3-BF4B-00C04F79EFBC}") = "SetAndMatrixTests", "SetAndMatrixTests\SetAndMatrixTests.csproj", "{11F3A660-0F4E-4FCB-BE52-A5C549026F8A}"
EndProject
Global
	GlobalSection(SolutionConfigurationPlatforms) = preSolution
		Debug|Any CPU = Debug|Any CPU
		Release|Any CPU = Release|Any CPU
	EndGlobalSection
	GlobalSection(ProjectConfigurationPlatforms) = postSolution
		{E2057F30-C053-4DA8-A680-AC4058A29F52}.Debug|Any CPU.ActiveCfg = Debug|Any CPU
		{E2057F30-C053-4DA8-A680-AC4058A29F52}.Debug|Any CPU.Build.0 = Debug|Any CPU
		{E2057F30-C053-4DA8-A680-AC4058A29F52}.Release|Any CPU.ActiveCfg = Release|Any CPU
		{E2057F30-C053-4DA8-A680-AC4058A29F52}.Release|Any CPU.Build.0 = Release|Any CPU
		{11F3A660-0F4E-4FCB-BE52-A5C549026F8A}.Debug|Any CPU.ActiveCfg = Debug|Any CPU
		{11F3A660-0F4E-4FCB-BE52-A5C549026F8A}.Debug|Any CPU.Build.0 = Debug|Any CPU
		{11F3A660-0F4E-4FCB-BE52-A5C549026F8A}.Release|Any CPU.ActiveCfg = Release|Any CPU
		{11F3A660-0F4E-4FCB-BE52-A5C549026F8A}.Release|Any CPU.Build.0 = Release|Any CPU
	EndGlobalSection
EndGlobal
